{
  "name": "frontend",
  "lockfileVersion": 3,
  "requires": true,
  "packages": {
    "": {
      "devDependencies": {
        "@vue/tsconfig": "^0.9.0"
      }
    },
    "node_modules/@vue/tsconfig": {
      "version": "0.9.0",
      "resolved": "https://registry.npmmirror.com/@vue/tsconfig/-/tsconfig-0.9.0.tgz",
      "integrity": "sha512-RP+v9Cpbsk1ZVXltCHHkYBr7+624x6gcijJXVjIcsYk7JXqvIpRtMwU2ARLvWDhmy9ffdFYxhsfJnPztADBohQ==",
      "dev": true,
      "peerDependencies": {
        "typescript": "5.x",
        "vue": "^3.4.0"
      },
      "peerDependenciesMeta": {
        "typescript": {
          "optional": true
        },
        "vue": {
          "optional": true
        }
      }
    }
  }
}
